<Solution>
  <Folder Name="/src/">
    <Project Path="src/PBC.SystemConfiguration.API/PBC.SystemConfiguration.API.csproj" />
    <Project Path="src/PBC.SystemConfiguration.Application/PBC.SystemConfiguration.Application.csproj" />
    <Project Path="src/PBC.SystemConfiguration.Domain/PBC.SystemConfiguration.Domain.csproj" />
    <Project Path="src/PBC.SystemConfiguration.Infrastructure/PBC.SystemConfiguration.Infrastructure.csproj" />
  </Folder>
</Solution>
